// !$*UTF8*$!
{
	archiveVersion = 1;
	classes = {
	};
	objectVersion = 50;
	objects = {

/* Begin PBXBuildFile section */
		766E342A245B185B00DBC316 /* AppDelegate.swift in Sources */ = {isa = PBXBuildFile; fileRef = 766E3429245B185B00DBC316 /* AppDelegate.swift */; };
		766E342C245B185B00DBC316 /* SceneDelegate.swift in Sources */ = {isa = PBXBuildFile; fileRef = 766E342B245B185B00DBC316 /* SceneDelegate.swift */; };
		766E342E245B185B00DBC316 /* ContentView.swift in Sources */ = {isa = PBXBuildFile; fileRef = 766E342D245B185B00DBC316 /* ContentView.swift */; };
		766E3430245B186000DBC316 /* Assets.xcassets in Resources */ = {isa = PBXBuildFile; fileRef = 766E342F245B186000DBC316 /* Assets.xcassets */; };
		766E3433245B186000DBC316 /* Preview Assets.xcassets in Resources */ = {isa = PBXBuildFile; fileRef = 766E3432245B186000DBC316 /* Preview Assets.xcassets */; };
		766E3436245B186000DBC316 /* LaunchScreen.storyboard in Resources */ = {isa = PBXBuildFile; fileRef = 766E3434245B186000DBC316 /* LaunchScreen.storyboard */; };
		766E343E245B1AAC00DBC316 /* EditPhotoView.swift in Sources */ = {isa = PBXBuildFile; fileRef = 766E343D245B1AAC00DBC316 /* EditPhotoView.swift */; };
		766E3440245C1B4100DBC316 /* SecondView.swift in Sources */ = {isa = PBXBuildFile; fileRef = 766E343F245C1B4100DBC316 /* SecondView.swift */; };
/* End PBXBuildFile section */

/* Begin PBXFileReference section */
		766E3426245B185B00DBC316 /* hw3.app */ = {isa = PBXFileReference; explicitFileType = wrapper.application; includeInIndex = 0; path = hw3.app; sourceTree = BUILT_PRODUCTS_DIR; };
		766E3429245B185B00DBC316 /* AppDelegate.swift */ = {isa = PBXFileReference; lastKnownFileType = sourcecode.swift; path = AppDelegate.swift; sourceTree = "<group>"; };
		766E342B245B185B00DBC316 /* SceneDelegate.swift */ = {isa = PBXFileReference; lastKnownFileType = sourcecode.swift; path = SceneDelegate.swift; sourceTree = "<group>"; };
		766E342D245B185B00DBC316 /* ContentView.swift */ = {isa = PBXFileReference; lastKnownFileType = sourcecode.swift; path = ContentView.swift; sourceTree = "<group>"; };
		766E342F245B186000DBC316 /* Assets.xcassets */ = {isa = PBXFileReference; lastKnownFileType = folder.assetcatalog; path = Assets.xcassets; sourceTree = "<group>"; };
		766E3432245B186000DBC316 /* Preview Assets.xcassets */ = {isa = PBXFileReference; lastKnownFileType = folder.assetcatalog; path = "Preview Assets.xcassets"; sourceTree = "<group>"; };
		766E3435245B186000DBC316 /* Base */ = {isa = PBXFileReference; lastKnownFileType = file.storyboard; name = Base; path = Base.lproj/LaunchScreen.storyboard; sourceTree = "<group>"; };
		766E3437245B186000DBC316 /* Info.plist */ = {isa = PBXFileReference; lastKnownFileType = text.plist.xml; path = Info.plist; sourceTree = "<group>"; };
		766E343D245B1AAC00DBC316 /* EditPhotoView.swift */ = {isa = PBXFileReference; lastKnownFileType = sourcecode.swift; path = EditPhotoView.swift; sourceTree = "<group>"; };
		766E343F245C1B4100DBC316 /* SecondView.swift */ = {isa = PBXFileReference; lastKnownFileType = sourcecode.swift; path = SecondView.swift; sourceTree = "<group>"; };
/* End PBXFileReference section */

/* Begin PBXFrameworksBuildPhase section */
		766E3423245B185B00DBC316 /* Frameworks */ = {
			isa = PBXFrameworksBuildPhase;
			buildActionMask = 2147483647;
			files = (
			);
			runOnlyForDeploymentPostprocessing = 0;
		};
/* End PBXFrameworksBuildPhase section */

/* Begin PBXGroup section */
		766E341D245B185B00DBC316 = {
			isa = PBXGroup;
			children = (
				766E3428245B185B00DBC316 /* hw3 */,
				766E3427245B185B00DBC316 /* Products */,
			);
			sourceTree = "<group>";
		};
		766E3427245B185B00DBC316 /* Products */ = {
			isa = PBXGroup;
			children = (
				766E3426245B185B00DBC316 /* hw3.app */,
			);
			name = Products;
			sourceTree = "<group>";
		};
		766E3428245B185B00DBC316 /* hw3 */ = {
			isa = PBXGroup;
			children = (
				766E3429245B185B00DBC316 /* AppDelegate.swift */,
				766E342B245B185B00DBC316 /* SceneDelegate.swift */,
				766E342D245B185B00DBC316 /* ContentView.swift */,
				766E342F245B186000DBC316 /* Assets.xcassets */,
				766E343D245B1AAC00DBC316 /* EditPhotoView.swift */,
				766E343F245C1B4100DBC316 /* SecondView.swift */,
				766E3434245B186000DBC316 /* LaunchScreen.storyboard */,
				766E3437245B186000DBC316 /* Info.plist */,
				766E3431245B186000DBC316 /* Preview Content */,
			);
			path = hw3;
			sourceTree = "<group>";
		};
		766E3431245B186000DBC316 /* Preview Content */ = {
			isa = PBXGroup;
			children = (
				766E3432245B186000DBC316 /* Preview Assets.xcassets */,
			);
			path = "Preview Content";
			sourceTree = "<group>";
		};
/* End PBXGroup section */

/* Begin PBXNativeTarget section */
		766E3425245B185B00DBC316 /* hw3 */ = {
			isa = PBXNativeTarget;
			buildConfigurationList = 766E343A245B186000DBC316 /* Build configuration list for PBXNativeTarget "hw3" */;
			buildPhases = (
				766E3422245B185B00DBC316 /* Sources */,
				766E3423245B185B00DBC316 /* Frameworks */,
				766E3424245B185B00DBC316 /* Resources */,
			);
			buildRules = (
			);
			dependencies = (
			);
			name = hw3;
			productName = hw3;
			productReference = 766E3426245B185B00DBC316 /* hw3.app */;
			productType = "com.apple.product-type.application";
		};
/* End PBXNativeTarget section */

/* Begin PBXProject section */
		766E341E245B185B00DBC316 /* Project object */ = {
			isa = PBXProject;
			attributes = {
				LastSwiftUpdateCheck = 1140;
				LastUpgradeCheck = 1140;
				ORGANIZATIONNAME = "郭垣佑";
				TargetAttributes = {
					766E3425245B185B00DBC316 = {
						CreatedOnToolsVersion = 11.4.1;
					};
				};
			};
			buildConfigurationList = 766E3421245B185B00DBC316 /* Build configuration list for PBXProject "hw3" */;
			compatibilityVersion = "Xcode 9.3";
			developmentRegion = en;
			hasScannedForEncodings = 0;
			knownRegions = (
				en,
				Base,
			);
			mainGroup = 766E341D245B185B00DBC316;
			productRefGroup = 766E3427245B185B00DBC316 /* Products */;
			projectDirPath = "";
			projectRoot = "";
			targets = (
				766E3425245B185B00DBC316 /* hw3 */,
			);
		};
/* End PBXProject section */

/* Begin PBXResourcesBuildPhase section */
		766E3424245B185B00DBC316 /* Resources */ = {
			isa = PBXResourcesBuildPhase;
			buildActionMask = 2147483647;
			files = (
				766E3436245B186000DBC316 /* LaunchScreen.storyboard in Resources */,
				766E3433245B186000DBC316 /* Preview Assets.xcassets in Resources */,
				766E3430245B186000DBC316 /* Assets.xcassets in Resources */,
			);
			runOnlyForDeploymentPostprocessing = 0;
		};
/* End PBXResourcesBuildPhase section */

/* Begin PBXSourcesBuildPhase section */
		766E3422245B185B00DBC316 /* Sources */ = {
			isa = PBXSourcesBuildPhase;
			buildActionMask = 2147483647;
			files = (
				766E342A245B185B00DBC316 /* AppDelegate.swift in Sources */,
				766E3440245C1B4100DBC316 /* SecondView.swift in Sources */,
				766E343E245B1AAC00DBC316 /* EditPhotoView.swift in Sources */,
				766E342C245B185B00DBC316 /* SceneDelegate.swift in Sources */,
				766E342E245B185B00DBC316 /* ContentView.swift in Sources */,
			);
			runOnlyForDeploymentPostprocessing = 0;
		};
/* End PBXSourcesBuildPhase section */

/* Begin PBXVariantGroup section */
		766E3434245B186000DBC316 /* LaunchScreen.storyboard */ = {
			isa = PBXVariantGroup;
			children = (
				766E3435245B186000DBC316 /* Base */,
			);
			name = LaunchScreen.storyboard;
			sourceTree = "<group>";
		};
/* End PBXVariantGroup section */

/* Begin XCBuildConfiguration section */
		766E3438245B186000DBC316 /* Debug */ = {
			isa = XCBuildConfiguration;
			buildSettings = {
				ALWAYS_SEARCH_USER_PATHS = NO;
				CLANG_ANALYZER_NONNULL = YES;
				CLANG_ANALYZER_NUMBER_OBJECT_CONVERSION = YES_AGGRESSIVE;
				CLANG_CXX_LANGUAGE_STANDARD = "gnu++14";
				CLANG_CXX_LIBRARY = "libc++";
				CLANG_ENABLE_MODULES = YES;
				CLANG_ENABLE_OBJC_ARC = YES;
				CLANG_ENABLE_OBJC_WEAK = YES;
				CLANG_WARN_BLOCK_CAPTURE_AUTORELEASING = YES;
				CLANG_WARN_BOOL_CONVERSION = YES;
				CLANG_WARN_COMMA = YES;
				CLANG_WARN_CONSTANT_CONVERSION = YES;
				CLANG_WARN_DEPRECATED_OBJC_IMPLEMENTATIONS = YES;
				CLANG_WARN_DIRECT_OBJC_ISA_USAGE = YES_ERROR;
				CLANG_WARN_DOCUMENTATION_COMMENTS = YES;
				CLANG_WARN_EMPTY_BODY = YES;
				CLANG_WARN_ENUM_CONVERSION = YES;
				CLANG_WARN_INFINITE_RECURSION = YES;
				CLANG_WARN_INT_CONVERSION = YES;
				CLANG_WARN_NON_LITERAL_NULL_CONVERSION = YES;
				CLANG_WARN_OBJC_IMPLICIT_RETAIN_SELF = YES;
				CLANG_WARN_OBJC_LITERAL_CONVERSION = YES;
				CLANG_WARN_OBJC_ROOT_CLASS = YES_ERROR;
				CLANG_WARN_RANGE_LOOP_ANALYSIS = YES;
				CLANG_WARN_STRICT_PROTOTYPES = YES;
				CLANG_WARN_SUSPICIOUS_MOVE = YES;
				CLANG_WARN_UNGUARDED_AVAILABILITY = YES_AGGRESSIVE;
				CLANG_WARN_UNREACHABLE_CODE = YES;
				CLANG_WARN__DUPLICATE_METHOD_MATCH = YES;
				COPY_PHASE_STRIP = NO;
				DEBUG_INFORMATION_FORMAT = dwarf;
				ENABLE_STRICT_OBJC_MSGSEND = YES;
				ENABLE_TESTABILITY = YES;
				GCC_C_LANGUAGE_STANDARD = gnu11;
				GCC_DYNAMIC_NO_PIC = NO;
				GCC_NO_COMMON_BLOCKS = YES;
				GCC_OPTIMIZATION_LEVEL = 0;
				GCC_PREPROCESSOR_DEFINITIONS = (
					"DEBUG=1",
					"$(inherited)",
				);
				GCC_WARN_64_TO_32_BIT_CONVERSION = YES;
				GCC_WARN_ABOUT_RETURN_TYPE = YES_ERROR;
				GCC_WARN_UNDECLARED_SELECTOR = YES;
				GCC_WARN_UNINITIALIZED_AUTOS = YES_AGGRESSIVE;
				GCC_WARN_UNUSED_FUNCTION = YES;
				GCC_WARN_UNUSED_VARIABLE = YES;
				IPHONEOS_DEPLOYMENT_TARGET = 13.4;
				MTL_ENABLE_DEBUG_INFO = INCLUDE_SOURCE;
				MTL_FAST_MATH = YES;
				ONLY_ACTIVE_ARCH = YES;
				SDKROOT = iphoneos;
				SWIFT_ACTIVE_COMPILATION_CONDITIONS = DEBUG;
				SWIFT_OPTIMIZATION_LEVEL = "-Onone";
			};
			name = Debug;
		};
		766E3439245B186000DBC316 /* Release */ = {
			isa = XCBuildConfiguration;
			buildSettings = {
				ALWAYS_SEARCH_USER_PATHS = NO;
				CLANG_ANALYZER_NONNULL = YES;
				CLANG_ANALYZER_NUMBER_OBJECT_CONVERSION = YES_AGGRESSIVE;
				CLANG_CXX_LANGUAGE_STANDARD = "gnu++14";
				CLANG_CXX_LIBRARY = "libc++";
				CLANG_ENABLE_MODULES = YES;
				CLANG_ENABLE_OBJC_ARC = YES;
				CLANG_ENABLE_OBJC_WEAK = YES;
				CLANG_WARN_BLOCK_CAPTURE_AUTORELEASING = YES;
				CLANG_WARN_BOOL_CONVERSION = YES;
				CLANG_WARN_COMMA = YES;
				CLANG_WARN_CONSTANT_CONVERSION = YES;
				CLANG_WARN_DEPRECATED_OBJC_IMPLEMENTATIONS = YES;
				CLANG_WARN_DIRECT_OBJC_ISA_USAGE = YES_ERROR;
				CLANG_WARN_DOCUMENTATION_COMMENTS = YES;
				CLANG_WARN_EMPTY_BODY = YES;
				CLANG_WARN_ENUM_CONVERSION = YES;
				CLANG_WARN_INFINITE_RECURSION = YES;
				CLANG_WARN_INT_CONVERSION = YES;
				CLANG_WARN_NON_LITERAL_NULL_CONVERSION = YES;
				CLANG_WARN_OBJC_IMPLICIT_RETAIN_SELF = YES;
				CLANG_WARN_OBJC_LITERAL_CONVERSION = YES;
				CLANG_WARN_OBJC_ROOT_CLASS = YES_ERROR;
				CLANG_WARN_RANGE_LOOP_ANALYSIS = YES;
				CLANG_WARN_STRICT_PROTOTYPES = YES;
				CLANG_WARN_SUSPICIOUS_MOVE = YES;
				CLANG_WARN_UNGUARDED_AVAILABILITY = YES_AGGRESSIVE;
				CLANG_WARN_UNREACHABLE_CODE = YES;
				CLANG_WARN__DUPLICATE_METHOD_MATCH = YES;
				COPY_PHASE_STRIP = NO;
				DEBUG_INFORMATION_FORMAT = "dwarf-with-dsym";
				ENABLE_NS_ASSERTIONS = NO;
				ENABLE_STRICT_OBJC_MSGSEND = YES;
				GCC_C_LANGUAGE_STANDARD = gnu11;
				GCC_NO_COMMON_BLOCKS = YES;
				GCC_WARN_64_TO_32_BIT_CONVERSION = YES;
				GCC_WARN_ABOUT_RETURN_TYPE = YES_ERROR;
				GCC_WARN_UNDECLARED_SELECTOR = YES;
				GCC_WARN_UNINITIALIZED_AUTOS = YES_AGGRESSIVE;
				GCC_WARN_UNUSED_FUNCTION = YES;
				GCC_WARN_UNUSED_VARIABLE = YES;
				IPHONEOS_DEPLOYMENT_TARGET = 13.4;
				MTL_ENABLE_DEBUG_INFO = NO;
				MTL_FAST_MATH = YES;
				SDKROOT = iphoneos;
				SWIFT_COMPILATION_MODE = wholemodule;
				SWIFT_OPTIMIZATION_LEVEL = "-O";
				VALIDATE_PRODUCT = YES;
			};
			name = Release;
		};
		766E343B245B186000DBC316 /* Debug */ = {
			isa = XCBuildConfiguration;
			buildSettings = {
				ASSETCATALOG_COMPILER_APPICON_NAME = AppIcon;
				CODE_SIGN_STYLE = Automatic;
				DEVELOPMENT_ASSET_PATHS = "\"hw3/Preview Content\"";
				DEVELOPMENT_TEAM = 958HW37R8V;
				ENABLE_PREVIEWS = YES;
				INFOPLIST_FILE = hw3/Info.plist;
				LD_RUNPATH_SEARCH_PATHS = (
					"$(inherited)",
					"@executable_path/Frameworks",
				);
				PRODUCT_BUNDLE_IDENTIFIER = kuo.hw3;
				PRODUCT_NAME = "$(TARGET_NAME)";
				SWIFT_VERSION = 5.0;
				TARGETED_DEVICE_FAMILY = "1,2";
			};
			name = Debug;
		};
		766E343C245B186000DBC316 /* Release */ = {
			isa = XCBuildConfiguration;
			buildSettings = {
				ASSETCATALOG_COMPILER_APPICON_NAME = AppIcon;
				CODE_SIGN_STYLE = Automatic;
				DEVELOPMENT_ASSET_PATHS = "\"hw3/Preview Content\"";
				DEVELOPMENT_TEAM = 958HW37R8V;
				ENABLE_PREVIEWS = YES;
				INFOPLIST_FILE = hw3/Info.plist;
				LD_RUNPATH_SEARCH_PATHS = (
					"$(inherited)",
					"@executable_path/Frameworks",
				);
				PRODUCT_BUNDLE_IDENTIFIER = kuo.hw3;
				PRODUCT_NAME = "$(TARGET_NAME)";
				SWIFT_VERSION = 5.0;
				TARGETED_DEVICE_FAMILY = "1,2";
			};
			name = Release;
		};
/* End XCBuildConfiguration section */

/* Begin XCConfigurationList section */
		766E3421245B185B00DBC316 /* Build configuration list for PBXProject "hw3" */ = {
			isa = XCConfigurationList;
			buildConfigurations = (
				766E3438245B186000DBC316 /* Debug */,
				766E3439245B186000DBC316 /* Release */,
			);
			defaultConfigurationIsVisible = 0;
			defaultConfigurationName = Release;
		};
		766E343A245B186000DBC316 /* Build configuration list for PBXNativeTarget "hw3" */ = {
			isa = XCConfigurationList;
			buildConfigurations = (
				766E343B245B186000DBC316 /* Debug */,
				766E343C245B186000DBC316 /* Release */,
			);
			defaultConfigurationIsVisible = 0;
			defaultConfigurationName = Release;
		};
/* End XCConfigurationList section */
	};
	rootObject = 766E341E245B185B00DBC316 /* Project object */;
}
